// !$*UTF8*$!
{
	archiveVersion = 1;
	classes = {
	};
	objectVersion = 51;
	objects = {

/* Begin PBXBuildFile section */
		1741C19C25C9C52800DFBDF9 /* FaqViewController.swift in Sources */ = {isa = PBXBuildFile; fileRef = 1741C19B25C9C52800DFBDF9 /* FaqViewController.swift */; };
		1741C1A225C9CAA000DFBDF9 /* FaqCell.swift in Sources */ = {isa = PBXBuildFile; fileRef = 1741C1A025C9CAA000DFBDF9 /* FaqCell.swift */; };
		177DFB4625CAB6D600B20A21 /* DevInfoViewController.swift in Sources */ = {isa = PBXBuildFile; fileRef = 177DFB4525CAB6D600B20A21 /* DevInfoViewController.swift */; };
		177DFB4C25CAB87C00B20A21 /* DevCell.swift in Sources */ = {isa = PBXBuildFile; fileRef = 177DFB4A25CAB87C00B20A21 /* DevCell.swift */; };
		177DFB4D25CAB87C00B20A21 /* DevCell.xib in Resources */ = {isa = PBXBuildFile; fileRef = 177DFB4B25CAB87C00B20A21 /* DevCell.xib */; };
		1782037025D3EF8400EC8BB7 /* TimelineViewController.swift in Sources */ = {isa = PBXBuildFile; fileRef = 1782036F25D3EF8400EC8BB7 /* TimelineViewController.swift */; };
		178D239B25D3F7DA007459A7 /* TimelineCell.swift in Sources */ = {isa = PBXBuildFile; fileRef = 178D239925D3F7DA007459A7 /* TimelineCell.swift */; };
		178D239C25D3F7DA007459A7 /* TimelineCell.xib in Resources */ = {isa = PBXBuildFile; fileRef = 178D239A25D3F7DA007459A7 /* TimelineCell.xib */; };
		5CA8DE3E46512FA0A97D9A1D /* Pods_accessDenied.framework in Frameworks */ = {isa = PBXBuildFile; fileRef = 3C2771F16C3F5997F55C1F07 /* Pods_accessDenied.framework */; };
		A2AA69E6DE41FFC62CA47E3C /* Pods_accessDeniedTests.framework in Frameworks */ = {isa = PBXBuildFile; fileRef = CED1172FF754C4C70CC0E192 /* Pods_accessDeniedTests.framework */; };
		AD846B2E53B84AA06F77F073 /* Pods_accessDenied_accessDeniedUITests.framework in Frameworks */ = {isa = PBXBuildFile; fileRef = 115E85E42D818171D598876B /* Pods_accessDenied_accessDeniedUITests.framework */; };
		AF21BCE025D32B83009CF417 /* infoOptionsTableViewCell.swift in Sources */ = {isa = PBXBuildFile; fileRef = AF21BCDF25D32B83009CF417 /* infoOptionsTableViewCell.swift */; };
		AF21BCE525D32B90009CF417 /* infoViewController.swift in Sources */ = {isa = PBXBuildFile; fileRef = AF21BCE425D32B90009CF417 /* infoViewController.swift */; };
		AF21BCEA25D32F66009CF417 /* detailViewController.swift in Sources */ = {isa = PBXBuildFile; fileRef = AF21BCE925D32F66009CF417 /* detailViewController.swift */; };
		AF21BCEF25D3376F009CF417 /* sponsorsCollectionViewCell.swift in Sources */ = {isa = PBXBuildFile; fileRef = AF21BCEE25D3376F009CF417 /* sponsorsCollectionViewCell.swift */; };
		AF21BCF425D34299009CF417 /* speakerViewController.swift in Sources */ = {isa = PBXBuildFile; fileRef = AF21BCF325D34299009CF417 /* speakerViewController.swift */; };
		AF21BCF925D342AE009CF417 /* speakerMainTableViewCell.swift in Sources */ = {isa = PBXBuildFile; fileRef = AF21BCF825D342AE009CF417 /* speakerMainTableViewCell.swift */; };
		AF21BCFE25D342C6009CF417 /* speakerInfoTableViewCell.swift in Sources */ = {isa = PBXBuildFile; fileRef = AF21BCFD25D342C6009CF417 /* speakerInfoTableViewCell.swift */; };
		AF21BD0325D34A87009CF417 /* Model.swift in Sources */ = {isa = PBXBuildFile; fileRef = AF21BD0225D34A87009CF417 /* Model.swift */; };
		FD2320BE25D3BEFA001414C2 /* GoogleService-Info.plist in Resources */ = {isa = PBXBuildFile; fileRef = FD2320BD25D3BEFA001414C2 /* GoogleService-Info.plist */; };
		FDDBD77F25C7A25000111DFB /* AppDelegate.swift in Sources */ = {isa = PBXBuildFile; fileRef = FDDBD77E25C7A25000111DFB /* AppDelegate.swift */; };
		FDDBD78125C7A25000111DFB /* SceneDelegate.swift in Sources */ = {isa = PBXBuildFile; fileRef = FDDBD78025C7A25000111DFB /* SceneDelegate.swift */; };
		FDDBD78325C7A25000111DFB /* ViewController.swift in Sources */ = {isa = PBXBuildFile; fileRef = FDDBD78225C7A25000111DFB /* ViewController.swift */; };
		FDDBD78625C7A25000111DFB /* Main.storyboard in Resources */ = {isa = PBXBuildFile; fileRef = FDDBD78425C7A25000111DFB /* Main.storyboard */; };
		FDDBD78825C7A25400111DFB /* Assets.xcassets in Resources */ = {isa = PBXBuildFile; fileRef = FDDBD78725C7A25400111DFB /* Assets.xcassets */; };
		FDDBD78B25C7A25400111DFB /* LaunchScreen.storyboard in Resources */ = {isa = PBXBuildFile; fileRef = FDDBD78925C7A25400111DFB /* LaunchScreen.storyboard */; };
		FDDBD79625C7A25500111DFB /* accessDeniedTests.swift in Sources */ = {isa = PBXBuildFile; fileRef = FDDBD79525C7A25500111DFB /* accessDeniedTests.swift */; };
		FDDBD7A125C7A25500111DFB /* accessDeniedUITests.swift in Sources */ = {isa = PBXBuildFile; fileRef = FDDBD7A025C7A25500111DFB /* accessDeniedUITests.swift */; };
		FDDBD7C125C7FD6B00111DFB /* Utility.swift in Sources */ = {isa = PBXBuildFile; fileRef = FDDBD7C025C7FD6B00111DFB /* Utility.swift */; };
/* End PBXBuildFile section */

/* Begin PBXContainerItemProxy section */
		FDDBD79225C7A25500111DFB /* PBXContainerItemProxy */ = {
			isa = PBXContainerItemProxy;
			containerPortal = FDDBD77325C7A25000111DFB /* Project object */;
			proxyType = 1;
			remoteGlobalIDString = FDDBD77A25C7A25000111DFB;
			remoteInfo = accessDenied;
		};
		FDDBD79D25C7A25500111DFB /* PBXContainerItemProxy */ = {
			isa = PBXContainerItemProxy;
			containerPortal = FDDBD77325C7A25000111DFB /* Project object */;
			proxyType = 1;
			remoteGlobalIDString = FDDBD77A25C7A25000111DFB;
			remoteInfo = accessDenied;
		};
/* End PBXContainerItemProxy section */

/* Begin PBXFileReference section */
		115E85E42D818171D598876B /* Pods_accessDenied_accessDeniedUITests.framework */ = {isa = PBXFileReference; explicitFileType = wrapper.framework; includeInIndex = 0; path = Pods_accessDenied_accessDeniedUITests.framework; sourceTree = BUILT_PRODUCTS_DIR; };
		1741C19B25C9C52800DFBDF9 /* FaqViewController.swift */ = {isa = PBXFileReference; lastKnownFileType = sourcecode.swift; path = FaqViewController.swift; sourceTree = "<group>"; };
		1741C1A025C9CAA000DFBDF9 /* FaqCell.swift */ = {isa = PBXFileReference; lastKnownFileType = sourcecode.swift; path = FaqCell.swift; sourceTree = "<group>"; };
		177DFB4525CAB6D600B20A21 /* DevInfoViewController.swift */ = {isa = PBXFileReference; lastKnownFileType = sourcecode.swift; path = DevInfoViewController.swift; sourceTree = "<group>"; };
		177DFB4A25CAB87C00B20A21 /* DevCell.swift */ = {isa = PBXFileReference; lastKnownFileType = sourcecode.swift; path = DevCell.swift; sourceTree = "<group>"; };
		177DFB4B25CAB87C00B20A21 /* DevCell.xib */ = {isa = PBXFileReference; lastKnownFileType = file.xib; path = DevCell.xib; sourceTree = "<group>"; };
		1782036F25D3EF8400EC8BB7 /* TimelineViewController.swift */ = {isa = PBXFileReference; lastKnownFileType = sourcecode.swift; path = TimelineViewController.swift; sourceTree = "<group>"; };
		178D239925D3F7DA007459A7 /* TimelineCell.swift */ = {isa = PBXFileReference; fileEncoding = 4; lastKnownFileType = sourcecode.swift; path = TimelineCell.swift; sourceTree = "<group>"; };
		178D239A25D3F7DA007459A7 /* TimelineCell.xib */ = {isa = PBXFileReference; fileEncoding = 4; lastKnownFileType = file.xib; path = TimelineCell.xib; sourceTree = "<group>"; };
		3C2771F16C3F5997F55C1F07 /* Pods_accessDenied.framework */ = {isa = PBXFileReference; explicitFileType = wrapper.framework; includeInIndex = 0; path = Pods_accessDenied.framework; sourceTree = BUILT_PRODUCTS_DIR; };
		74AD6DC9E401357895EAA865 /* Pods-accessDeniedTests.debug.xcconfig */ = {isa = PBXFileReference; includeInIndex = 1; lastKnownFileType = text.xcconfig; name = "Pods-accessDeniedTests.debug.xcconfig"; path = "Target Support Files/Pods-accessDeniedTests/Pods-accessDeniedTests.debug.xcconfig"; sourceTree = "<group>"; };
		9AF3A32DCF65A170A13AC0AB /* Pods-accessDenied-accessDeniedUITests.release.xcconfig */ = {isa = PBXFileReference; includeInIndex = 1; lastKnownFileType = text.xcconfig; name = "Pods-accessDenied-accessDeniedUITests.release.xcconfig"; path = "Target Support Files/Pods-accessDenied-accessDeniedUITests/Pods-accessDenied-accessDeniedUITests.release.xcconfig"; sourceTree = "<group>"; };
		AB30F7178C4861D6D20A2226 /* Pods-accessDenied-accessDeniedUITests.debug.xcconfig */ = {isa = PBXFileReference; includeInIndex = 1; lastKnownFileType = text.xcconfig; name = "Pods-accessDenied-accessDeniedUITests.debug.xcconfig"; path = "Target Support Files/Pods-accessDenied-accessDeniedUITests/Pods-accessDenied-accessDeniedUITests.debug.xcconfig"; sourceTree = "<group>"; };
		AF21BCDF25D32B83009CF417 /* infoOptionsTableViewCell.swift */ = {isa = PBXFileReference; lastKnownFileType = sourcecode.swift; path = infoOptionsTableViewCell.swift; sourceTree = "<group>"; };
		AF21BCE425D32B90009CF417 /* infoViewController.swift */ = {isa = PBXFileReference; lastKnownFileType = sourcecode.swift; path = infoViewController.swift; sourceTree = "<group>"; };
		AF21BCE925D32F66009CF417 /* detailViewController.swift */ = {isa = PBXFileReference; lastKnownFileType = sourcecode.swift; path = detailViewController.swift; sourceTree = "<group>"; };
		AF21BCEE25D3376F009CF417 /* sponsorsCollectionViewCell.swift */ = {isa = PBXFileReference; lastKnownFileType = sourcecode.swift; path = sponsorsCollectionViewCell.swift; sourceTree = "<group>"; };
		AF21BCF325D34299009CF417 /* speakerViewController.swift */ = {isa = PBXFileReference; lastKnownFileType = sourcecode.swift; path = speakerViewController.swift; sourceTree = "<group>"; };
		AF21BCF825D342AE009CF417 /* speakerMainTableViewCell.swift */ = {isa = PBXFileReference; lastKnownFileType = sourcecode.swift; path = speakerMainTableViewCell.swift; sourceTree = "<group>"; };
		AF21BCFD25D342C6009CF417 /* speakerInfoTableViewCell.swift */ = {isa = PBXFileReference; lastKnownFileType = sourcecode.swift; path = speakerInfoTableViewCell.swift; sourceTree = "<group>"; };
		AF21BD0225D34A87009CF417 /* Model.swift */ = {isa = PBXFileReference; lastKnownFileType = sourcecode.swift; path = Model.swift; sourceTree = "<group>"; };
		AF21BD0725D34F7E009CF417 /* BebasNeue-Regular.ttf */ = {isa = PBXFileReference; lastKnownFileType = file; path = "BebasNeue-Regular.ttf"; sourceTree = "<group>"; };
		CED1172FF754C4C70CC0E192 /* Pods_accessDeniedTests.framework */ = {isa = PBXFileReference; explicitFileType = wrapper.framework; includeInIndex = 0; path = Pods_accessDeniedTests.framework; sourceTree = BUILT_PRODUCTS_DIR; };
		E57FB910828E649B4E892AD9 /* Pods-accessDenied.release.xcconfig */ = {isa = PBXFileReference; includeInIndex = 1; lastKnownFileType = text.xcconfig; name = "Pods-accessDenied.release.xcconfig"; path = "Target Support Files/Pods-accessDenied/Pods-accessDenied.release.xcconfig"; sourceTree = "<group>"; };
		F05B4E54822432FC3A7F6BCA /* Pods-accessDenied.debug.xcconfig */ = {isa = PBXFileReference; includeInIndex = 1; lastKnownFileType = text.xcconfig; name = "Pods-accessDenied.debug.xcconfig"; path = "Target Support Files/Pods-accessDenied/Pods-accessDenied.debug.xcconfig"; sourceTree = "<group>"; };
		F8E0F5E92EEDB799AF434724 /* Pods-accessDeniedTests.release.xcconfig */ = {isa = PBXFileReference; includeInIndex = 1; lastKnownFileType = text.xcconfig; name = "Pods-accessDeniedTests.release.xcconfig"; path = "Target Support Files/Pods-accessDeniedTests/Pods-accessDeniedTests.release.xcconfig"; sourceTree = "<group>"; };
		FD2320BD25D3BEFA001414C2 /* GoogleService-Info.plist */ = {isa = PBXFileReference; fileEncoding = 4; lastKnownFileType = text.plist.xml; path = "GoogleService-Info.plist"; sourceTree = "<group>"; };
		FDDBD77B25C7A25000111DFB /* accessDenied.app */ = {isa = PBXFileReference; explicitFileType = wrapper.application; includeInIndex = 0; path = accessDenied.app; sourceTree = BUILT_PRODUCTS_DIR; };
		FDDBD77E25C7A25000111DFB /* AppDelegate.swift */ = {isa = PBXFileReference; lastKnownFileType = sourcecode.swift; path = AppDelegate.swift; sourceTree = "<group>"; };
		FDDBD78025C7A25000111DFB /* SceneDelegate.swift */ = {isa = PBXFileReference; lastKnownFileType = sourcecode.swift; path = SceneDelegate.swift; sourceTree = "<group>"; };
		FDDBD78225C7A25000111DFB /* ViewController.swift */ = {isa = PBXFileReference; lastKnownFileType = sourcecode.swift; path = ViewController.swift; sourceTree = "<group>"; };
		FDDBD78525C7A25000111DFB /* Base */ = {isa = PBXFileReference; lastKnownFileType = file.storyboard; name = Base; path = Base.lproj/Main.storyboard; sourceTree = "<group>"; };
		FDDBD78725C7A25400111DFB /* Assets.xcassets */ = {isa = PBXFileReference; lastKnownFileType = folder.assetcatalog; path = Assets.xcassets; sourceTree = "<group>"; };
		FDDBD78A25C7A25400111DFB /* Base */ = {isa = PBXFileReference; lastKnownFileType = file.storyboard; name = Base; path = Base.lproj/LaunchScreen.storyboard; sourceTree = "<group>"; };
		FDDBD78C25C7A25400111DFB /* Info.plist */ = {isa = PBXFileReference; lastKnownFileType = text.plist.xml; path = Info.plist; sourceTree = "<group>"; };
		FDDBD79125C7A25500111DFB /* accessDeniedTests.xctest */ = {isa = PBXFileReference; explicitFileType = wrapper.cfbundle; includeInIndex = 0; path = accessDeniedTests.xctest; sourceTree = BUILT_PRODUCTS_DIR; };
		FDDBD79525C7A25500111DFB /* accessDeniedTests.swift */ = {isa = PBXFileReference; lastKnownFileType = sourcecode.swift; path = accessDeniedTests.swift; sourceTree = "<group>"; };
		FDDBD79725C7A25500111DFB /* Info.plist */ = {isa = PBXFileReference; lastKnownFileType = text.plist.xml; path = Info.plist; sourceTree = "<group>"; };
		FDDBD79C25C7A25500111DFB /* accessDeniedUITests.xctest */ = {isa = PBXFileReference; explicitFileType = wrapper.cfbundle; includeInIndex = 0; path = accessDeniedUITests.xctest; sourceTree = BUILT_PRODUCTS_DIR; };
		FDDBD7A025C7A25500111DFB /* accessDeniedUITests.swift */ = {isa = PBXFileReference; lastKnownFileType = sourcecode.swift; path = accessDeniedUITests.swift; sourceTree = "<group>"; };
		FDDBD7A225C7A25500111DFB /* Info.plist */ = {isa = PBXFileReference; lastKnownFileType = text.plist.xml; path = Info.plist; sourceTree = "<group>"; };
		FDDBD7C025C7FD6B00111DFB /* Utility.swift */ = {isa = PBXFileReference; lastKnownFileType = sourcecode.swift; path = Utility.swift; sourceTree = "<group>"; };
/* End PBXFileReference section */

/* Begin PBXFrameworksBuildPhase section */
		FDDBD77825C7A25000111DFB /* Frameworks */ = {
			isa = PBXFrameworksBuildPhase;
			buildActionMask = 2147483647;
			files = (
				5CA8DE3E46512FA0A97D9A1D /* Pods_accessDenied.framework in Frameworks */,
			);
			runOnlyForDeploymentPostprocessing = 0;
		};
		FDDBD78E25C7A25500111DFB /* Frameworks */ = {
			isa = PBXFrameworksBuildPhase;
			buildActionMask = 2147483647;
			files = (
				A2AA69E6DE41FFC62CA47E3C /* Pods_accessDeniedTests.framework in Frameworks */,
			);
			runOnlyForDeploymentPostprocessing = 0;
		};
		FDDBD79925C7A25500111DFB /* Frameworks */ = {
			isa = PBXFrameworksBuildPhase;
			buildActionMask = 2147483647;
			files = (
				AD846B2E53B84AA06F77F073 /* Pods_accessDenied_accessDeniedUITests.framework in Frameworks */,
			);
			runOnlyForDeploymentPostprocessing = 0;
		};
/* End PBXFrameworksBuildPhase section */

/* Begin PBXGroup section */
		9027EC42F07814CA090F6EF1 /* Pods */ = {
			isa = PBXGroup;
			children = (
				F05B4E54822432FC3A7F6BCA /* Pods-accessDenied.debug.xcconfig */,
				E57FB910828E649B4E892AD9 /* Pods-accessDenied.release.xcconfig */,
				AB30F7178C4861D6D20A2226 /* Pods-accessDenied-accessDeniedUITests.debug.xcconfig */,
				9AF3A32DCF65A170A13AC0AB /* Pods-accessDenied-accessDeniedUITests.release.xcconfig */,
				74AD6DC9E401357895EAA865 /* Pods-accessDeniedTests.debug.xcconfig */,
				F8E0F5E92EEDB799AF434724 /* Pods-accessDeniedTests.release.xcconfig */,
			);
			path = Pods;
			sourceTree = "<group>";
		};
		F06322A3499BC4817D33C8EA /* Frameworks */ = {
			isa = PBXGroup;
			children = (
				3C2771F16C3F5997F55C1F07 /* Pods_accessDenied.framework */,
				115E85E42D818171D598876B /* Pods_accessDenied_accessDeniedUITests.framework */,
				CED1172FF754C4C70CC0E192 /* Pods_accessDeniedTests.framework */,
			);
			name = Frameworks;
			sourceTree = "<group>";
		};
		FDDBD77225C7A25000111DFB = {
			isa = PBXGroup;
			children = (
				FDDBD77D25C7A25000111DFB /* accessDenied */,
				FDDBD79425C7A25500111DFB /* accessDeniedTests */,
				FDDBD79F25C7A25500111DFB /* accessDeniedUITests */,
				FDDBD77C25C7A25000111DFB /* Products */,
				9027EC42F07814CA090F6EF1 /* Pods */,
				F06322A3499BC4817D33C8EA /* Frameworks */,
			);
			sourceTree = "<group>";
		};
		FDDBD77C25C7A25000111DFB /* Products */ = {
			isa = PBXGroup;
			children = (
				FDDBD77B25C7A25000111DFB /* accessDenied.app */,
				FDDBD79125C7A25500111DFB /* accessDeniedTests.xctest */,
				FDDBD79C25C7A25500111DFB /* accessDeniedUITests.xctest */,
			);
			name = Products;
			sourceTree = "<group>";
		};
		FDDBD77D25C7A25000111DFB /* accessDenied */ = {
			isa = PBXGroup;
			children = (
				FDDBD77E25C7A25000111DFB /* AppDelegate.swift */,
				1741C1A025C9CAA000DFBDF9 /* FaqCell.swift */,
				AF21BD0225D34A87009CF417 /* Model.swift */,
				FDDBD7C025C7FD6B00111DFB /* Utility.swift */,
				177DFB4A25CAB87C00B20A21 /* DevCell.swift */,
				177DFB4B25CAB87C00B20A21 /* DevCell.xib */,
				1741C19B25C9C52800DFBDF9 /* FaqViewController.swift */,
				FDDBD78025C7A25000111DFB /* SceneDelegate.swift */,
				177DFB4525CAB6D600B20A21 /* DevInfoViewController.swift */,
				FDDBD78225C7A25000111DFB /* ViewController.swift */,
				1782036F25D3EF8400EC8BB7 /* TimelineViewController.swift */,
				178D239925D3F7DA007459A7 /* TimelineCell.swift */,
				178D239A25D3F7DA007459A7 /* TimelineCell.xib */,
				AF21BCDF25D32B83009CF417 /* infoOptionsTableViewCell.swift */,
				AF21BCF325D34299009CF417 /* speakerViewController.swift */,
				AF21BCF825D342AE009CF417 /* speakerMainTableViewCell.swift */,
				AF21BCFD25D342C6009CF417 /* speakerInfoTableViewCell.swift */,
				AF21BCE425D32B90009CF417 /* infoViewController.swift */,
				AF21BCEE25D3376F009CF417 /* sponsorsCollectionViewCell.swift */,
				AF21BCE925D32F66009CF417 /* detailViewController.swift */,
				FDDBD78425C7A25000111DFB /* Main.storyboard */,
				AF21BD0725D34F7E009CF417 /* BebasNeue-Regular.ttf */,
				FDDBD78725C7A25400111DFB /* Assets.xcassets */,
				FDDBD78925C7A25400111DFB /* LaunchScreen.storyboard */,
				FD2320BD25D3BEFA001414C2 /* GoogleService-Info.plist */,
				FDDBD78C25C7A25400111DFB /* Info.plist */,
			);
			path = accessDenied;
			sourceTree = "<group>";
		};
		FDDBD79425C7A25500111DFB /* accessDeniedTests */ = {
			isa = PBXGroup;
			children = (
				FDDBD79525C7A25500111DFB /* accessDeniedTests.swift */,
				FDDBD79725C7A25500111DFB /* Info.plist */,
			);
			path = accessDeniedTests;
			sourceTree = "<group>";
		};
		FDDBD79F25C7A25500111DFB /* accessDeniedUITests */ = {
			isa = PBXGroup;
			children = (
				FDDBD7A025C7A25500111DFB /* accessDeniedUITests.swift */,
				FDDBD7A225C7A25500111DFB /* Info.plist */,
			);
			path = accessDeniedUITests;
			sourceTree = "<group>";
		};
/* End PBXGroup section */

/* Begin PBXNativeTarget section */
		FDDBD77A25C7A25000111DFB /* accessDenied */ = {
			isa = PBXNativeTarget;
			buildConfigurationList = FDDBD7A525C7A25500111DFB /* Build configuration list for PBXNativeTarget "accessDenied" */;
			buildPhases = (
				B0EA6D42C7DEA36B485BAF65 /* [CP] Check Pods Manifest.lock */,
				FDDBD77725C7A25000111DFB /* Sources */,
				FDDBD77825C7A25000111DFB /* Frameworks */,
				FDDBD77925C7A25000111DFB /* Resources */,
				140B9431B1B781ECD8F067CB /* [CP] Embed Pods Frameworks */,
			);
			buildRules = (
			);
			dependencies = (
			);
			name = accessDenied;
			productName = accessDenied;
			productReference = FDDBD77B25C7A25000111DFB /* accessDenied.app */;
			productType = "com.apple.product-type.application";
		};
		FDDBD79025C7A25500111DFB /* accessDeniedTests */ = {
			isa = PBXNativeTarget;
			buildConfigurationList = FDDBD7A825C7A25500111DFB /* Build configuration list for PBXNativeTarget "accessDeniedTests" */;
			buildPhases = (
				17EDAA2D459D829B56722E17 /* [CP] Check Pods Manifest.lock */,
				FDDBD78D25C7A25500111DFB /* Sources */,
				FDDBD78E25C7A25500111DFB /* Frameworks */,
				FDDBD78F25C7A25500111DFB /* Resources */,
			);
			buildRules = (
			);
			dependencies = (
				FDDBD79325C7A25500111DFB /* PBXTargetDependency */,
			);
			name = accessDeniedTests;
			productName = accessDeniedTests;
			productReference = FDDBD79125C7A25500111DFB /* accessDeniedTests.xctest */;
			productType = "com.apple.product-type.bundle.unit-test";
		};
		FDDBD79B25C7A25500111DFB /* accessDeniedUITests */ = {
			isa = PBXNativeTarget;
			buildConfigurationList = FDDBD7AB25C7A25500111DFB /* Build configuration list for PBXNativeTarget "accessDeniedUITests" */;
			buildPhases = (
				E5FACF526629120633CA162A /* [CP] Check Pods Manifest.lock */,
				FDDBD79825C7A25500111DFB /* Sources */,
				FDDBD79925C7A25500111DFB /* Frameworks */,
				FDDBD79A25C7A25500111DFB /* Resources */,
				025F85BCB0CDF718A995B8D7 /* [CP] Embed Pods Frameworks */,
			);
			buildRules = (
			);
			dependencies = (
				FDDBD79E25C7A25500111DFB /* PBXTargetDependency */,
			);
			name = accessDeniedUITests;
			productName = accessDeniedUITests;
			productReference = FDDBD79C25C7A25500111DFB /* accessDeniedUITests.xctest */;
			productType = "com.apple.product-type.bundle.ui-testing";
		};
/* End PBXNativeTarget section */

/* Begin PBXProject section */
		FDDBD77325C7A25000111DFB /* Project object */ = {
			isa = PBXProject;
			attributes = {
				LastSwiftUpdateCheck = 1210;
				LastUpgradeCheck = 1210;
				TargetAttributes = {
					FDDBD77A25C7A25000111DFB = {
						CreatedOnToolsVersion = 12.1;
					};
					FDDBD79025C7A25500111DFB = {
						CreatedOnToolsVersion = 12.1;
						TestTargetID = FDDBD77A25C7A25000111DFB;
					};
					FDDBD79B25C7A25500111DFB = {
						CreatedOnToolsVersion = 12.1;
						TestTargetID = FDDBD77A25C7A25000111DFB;
					};
				};
			};
			buildConfigurationList = FDDBD77625C7A25000111DFB /* Build configuration list for PBXProject "accessDenied" */;
			compatibilityVersion = "Xcode 9.3";
			developmentRegion = en;
			hasScannedForEncodings = 0;
			knownRegions = (
				en,
				Base,
			);
			mainGroup = FDDBD77225C7A25000111DFB;
			productRefGroup = FDDBD77C25C7A25000111DFB /* Products */;
			projectDirPath = "";
			projectRoot = "";
			targets = (
				FDDBD77A25C7A25000111DFB /* accessDenied */,
				FDDBD79025C7A25500111DFB /* accessDeniedTests */,
				FDDBD79B25C7A25500111DFB /* accessDeniedUITests */,
			);
		};
/* End PBXProject section */

/* Begin PBXResourcesBuildPhase section */
		FDDBD77925C7A25000111DFB /* Resources */ = {
			isa = PBXResourcesBuildPhase;
			buildActionMask = 2147483647;
			files = (
				FDDBD78B25C7A25400111DFB /* LaunchScreen.storyboard in Resources */,
				FDDBD78825C7A25400111DFB /* Assets.xcassets in Resources */,
				178D239C25D3F7DA007459A7 /* TimelineCell.xib in Resources */,
				FDDBD78625C7A25000111DFB /* Main.storyboard in Resources */,
				177DFB4D25CAB87C00B20A21 /* DevCell.xib in Resources */,
				FD2320BE25D3BEFA001414C2 /* GoogleService-Info.plist in Resources */,
			);
			runOnlyForDeploymentPostprocessing = 0;
		};
		FDDBD78F25C7A25500111DFB /* Resources */ = {
			isa = PBXResourcesBuildPhase;
			buildActionMask = 2147483647;
			files = (
			);
			runOnlyForDeploymentPostprocessing = 0;
		};
		FDDBD79A25C7A25500111DFB /* Resources */ = {
			isa = PBXResourcesBuildPhase;
			buildActionMask = 2147483647;
			files = (
			);
			runOnlyForDeploymentPostprocessing = 0;
		};
/* End PBXResourcesBuildPhase section */

/* Begin PBXShellScriptBuildPhase section */
		025F85BCB0CDF718A995B8D7 /* [CP] Embed Pods Frameworks */ = {
			isa = PBXShellScriptBuildPhase;
			buildActionMask = 2147483647;
			files = (
			);
			inputFileListPaths = (
				"${PODS_ROOT}/Target Support Files/Pods-accessDenied-accessDeniedUITests/Pods-accessDenied-accessDeniedUITests-frameworks-${CONFIGURATION}-input-files.xcfilelist",
			);
			name = "[CP] Embed Pods Frameworks";
			outputFileListPaths = (
				"${PODS_ROOT}/Target Support Files/Pods-accessDenied-accessDeniedUITests/Pods-accessDenied-accessDeniedUITests-frameworks-${CONFIGURATION}-output-files.xcfilelist",
			);
			runOnlyForDeploymentPostprocessing = 0;
			shellPath = /bin/sh;
			shellScript = "\"${PODS_ROOT}/Target Support Files/Pods-accessDenied-accessDeniedUITests/Pods-accessDenied-accessDeniedUITests-frameworks.sh\"\n";
			showEnvVarsInLog = 0;
		};
		140B9431B1B781ECD8F067CB /* [CP] Embed Pods Frameworks */ = {
			isa = PBXShellScriptBuildPhase;
			buildActionMask = 2147483647;
			files = (
			);
			inputFileListPaths = (
				"${PODS_ROOT}/Target Support Files/Pods-accessDenied/Pods-accessDenied-frameworks-${CONFIGURATION}-input-files.xcfilelist",
			);
			name = "[CP] Embed Pods Frameworks";
			outputFileListPaths = (
				"${PODS_ROOT}/Target Support Files/Pods-accessDenied/Pods-accessDenied-frameworks-${CONFIGURATION}-output-files.xcfilelist",
			);
			runOnlyForDeploymentPostprocessing = 0;
			shellPath = /bin/sh;
			shellScript = "\"${PODS_ROOT}/Target Support Files/Pods-accessDenied/Pods-accessDenied-frameworks.sh\"\n";
			showEnvVarsInLog = 0;
		};
		17EDAA2D459D829B56722E17 /* [CP] Check Pods Manifest.lock */ = {
			isa = PBXShellScriptBuildPhase;
			buildActionMask = 2147483647;
			files = (
			);
			inputFileListPaths = (
			);
			inputPaths = (
				"${PODS_PODFILE_DIR_PATH}/Podfile.lock",
				"${PODS_ROOT}/Manifest.lock",
			);
			name = "[CP] Check Pods Manifest.lock";
			outputFileListPaths = (
			);
			outputPaths = (
				"$(DERIVED_FILE_DIR)/Pods-accessDeniedTests-checkManifestLockResult.txt",
			);
			runOnlyForDeploymentPostprocessing = 0;
			shellPath = /bin/sh;
			shellScript = "diff \"${PODS_PODFILE_DIR_PATH}/Podfile.lock\" \"${PODS_ROOT}/Manifest.lock\" > /dev/null\nif [ $? != 0 ] ; then\n    # print error to STDERR\n    echo \"error: The sandbox is not in sync with the Podfile.lock. Run 'pod install' or update your CocoaPods installation.\" >&2\n    exit 1\nfi\n# This output is used by Xcode 'outputs' to avoid re-running this script phase.\necho \"SUCCESS\" > \"${SCRIPT_OUTPUT_FILE_0}\"\n";
			showEnvVarsInLog = 0;
		};
		B0EA6D42C7DEA36B485BAF65 /* [CP] Check Pods Manifest.lock */ = {
			isa = PBXShellScriptBuildPhase;
			buildActionMask = 2147483647;
			files = (
			);
			inputFileListPaths = (
			);
			inputPaths = (
				"${PODS_PODFILE_DIR_PATH}/Podfile.lock",
				"${PODS_ROOT}/Manifest.lock",
			);
			name = "[CP] Check Pods Manifest.lock";
			outputFileListPaths = (
			);
			outputPaths = (
				"$(DERIVED_FILE_DIR)/Pods-accessDenied-checkManifestLockResult.txt",
			);
			runOnlyForDeploymentPostprocessing = 0;
			shellPath = /bin/sh;
			shellScript = "diff \"${PODS_PODFILE_DIR_PATH}/Podfile.lock\" \"${PODS_ROOT}/Manifest.lock\" > /dev/null\nif [ $? != 0 ] ; then\n    # print error to STDERR\n    echo \"error: The sandbox is not in sync with the Podfile.lock. Run 'pod install' or update your CocoaPods installation.\" >&2\n    exit 1\nfi\n# This output is used by Xcode 'outputs' to avoid re-running this script phase.\necho \"SUCCESS\" > \"${SCRIPT_OUTPUT_FILE_0}\"\n";
			showEnvVarsInLog = 0;
		};
		E5FACF526629120633CA162A /* [CP] Check Pods Manifest.lock */ = {
			isa = PBXShellScriptBuildPhase;
			buildActionMask = 2147483647;
			files = (
			);
			inputFileListPaths = (
			);
			inputPaths = (
				"${PODS_PODFILE_DIR_PATH}/Podfile.lock",
				"${PODS_ROOT}/Manifest.lock",
			);
			name = "[CP] Check Pods Manifest.lock";
			outputFileListPaths = (
			);
			outputPaths = (
				"$(DERIVED_FILE_DIR)/Pods-accessDenied-accessDeniedUITests-checkManifestLockResult.txt",
			);
			runOnlyForDeploymentPostprocessing = 0;
			shellPath = /bin/sh;
			shellScript = "diff \"${PODS_PODFILE_DIR_PATH}/Podfile.lock\" \"${PODS_ROOT}/Manifest.lock\" > /dev/null\nif [ $? != 0 ] ; then\n    # print error to STDERR\n    echo \"error: The sandbox is not in sync with the Podfile.lock. Run 'pod install' or update your CocoaPods installation.\" >&2\n    exit 1\nfi\n# This output is used by Xcode 'outputs' to avoid re-running this script phase.\necho \"SUCCESS\" > \"${SCRIPT_OUTPUT_FILE_0}\"\n";
			showEnvVarsInLog = 0;
		};
/* End PBXShellScriptBuildPhase section */

/* Begin PBXSourcesBuildPhase section */
		FDDBD77725C7A25000111DFB /* Sources */ = {
			isa = PBXSourcesBuildPhase;
			buildActionMask = 2147483647;
			files = (
				AF21BCE025D32B83009CF417 /* infoOptionsTableViewCell.swift in Sources */,
				177DFB4625CAB6D600B20A21 /* DevInfoViewController.swift in Sources */,
				AF21BCFE25D342C6009CF417 /* speakerInfoTableViewCell.swift in Sources */,
				AF21BCEF25D3376F009CF417 /* sponsorsCollectionViewCell.swift in Sources */,
				AF21BCF425D34299009CF417 /* speakerViewController.swift in Sources */,
				AF21BCE525D32B90009CF417 /* infoViewController.swift in Sources */,
				178D239B25D3F7DA007459A7 /* TimelineCell.swift in Sources */,
				AF21BCEA25D32F66009CF417 /* detailViewController.swift in Sources */,
				AF21BD0325D34A87009CF417 /* Model.swift in Sources */,
				FDDBD7C125C7FD6B00111DFB /* Utility.swift in Sources */,
				FDDBD78325C7A25000111DFB /* ViewController.swift in Sources */,
				AF21BCF925D342AE009CF417 /* speakerMainTableViewCell.swift in Sources */,
				1782037025D3EF8400EC8BB7 /* TimelineViewController.swift in Sources */,
				FDDBD77F25C7A25000111DFB /* AppDelegate.swift in Sources */,
				1741C19C25C9C52800DFBDF9 /* FaqViewController.swift in Sources */,
				1741C1A225C9CAA000DFBDF9 /* FaqCell.swift in Sources */,
				FDDBD78125C7A25000111DFB /* SceneDelegate.swift in Sources */,
				177DFB4C25CAB87C00B20A21 /* DevCell.swift in Sources */,
			);
			runOnlyForDeploymentPostprocessing = 0;
		};
		FDDBD78D25C7A25500111DFB /* Sources */ = {
			isa = PBXSourcesBuildPhase;
			buildActionMask = 2147483647;
			files = (
				FDDBD79625C7A25500111DFB /* accessDeniedTests.swift in Sources */,
			);
			runOnlyForDeploymentPostprocessing = 0;
		};
		FDDBD79825C7A25500111DFB /* Sources */ = {
			isa = PBXSourcesBuildPhase;
			buildActionMask = 2147483647;
			files = (
				FDDBD7A125C7A25500111DFB /* accessDeniedUITests.swift in Sources */,
			);
			runOnlyForDeploymentPostprocessing = 0;
		};
/* End PBXSourcesBuildPhase section */

/* Begin PBXTargetDependency section */
		FDDBD79325C7A25500111DFB /* PBXTargetDependency */ = {
			isa = PBXTargetDependency;
			target = FDDBD77A25C7A25000111DFB /* accessDenied */;
			targetProxy = FDDBD79225C7A25500111DFB /* PBXContainerItemProxy */;
		};
		FDDBD79E25C7A25500111DFB /* PBXTargetDependency */ = {
			isa = PBXTargetDependency;
			target = FDDBD77A25C7A25000111DFB /* accessDenied */;
			targetProxy = FDDBD79D25C7A25500111DFB /* PBXContainerItemProxy */;
		};
/* End PBXTargetDependency section */

/* Begin PBXVariantGroup section */
		FDDBD78425C7A25000111DFB /* Main.storyboard */ = {
			isa = PBXVariantGroup;
			children = (
				FDDBD78525C7A25000111DFB /* Base */,
			);
			name = Main.storyboard;
			sourceTree = "<group>";
		};
		FDDBD78925C7A25400111DFB /* LaunchScreen.storyboard */ = {
			isa = PBXVariantGroup;
			children = (
				FDDBD78A25C7A25400111DFB /* Base */,
			);
			name = LaunchScreen.storyboard;
			sourceTree = "<group>";
		};
/* End PBXVariantGroup section */

/* Begin XCBuildConfiguration section */
		FDDBD7A325C7A25500111DFB /* Debug */ = {
			isa = XCBuildConfiguration;
			buildSettings = {
				ALWAYS_SEARCH_USER_PATHS = NO;
				CLANG_ANALYZER_NONNULL = YES;
				CLANG_ANALYZER_NUMBER_OBJECT_CONVERSION = YES_AGGRESSIVE;
				CLANG_CXX_LANGUAGE_STANDARD = "gnu++14";
				CLANG_CXX_LIBRARY = "libc++";
				CLANG_ENABLE_MODULES = YES;
				CLANG_ENABLE_OBJC_ARC = YES;
				CLANG_ENABLE_OBJC_WEAK = YES;
				CLANG_WARN_BLOCK_CAPTURE_AUTORELEASING = YES;
				CLANG_WARN_BOOL_CONVERSION = YES;
				CLANG_WARN_COMMA = YES;
				CLANG_WARN_CONSTANT_CONVERSION = YES;
				CLANG_WARN_DEPRECATED_OBJC_IMPLEMENTATIONS = YES;
				CLANG_WARN_DIRECT_OBJC_ISA_USAGE = YES_ERROR;
				CLANG_WARN_DOCUMENTATION_COMMENTS = YES;
				CLANG_WARN_EMPTY_BODY = YES;
				CLANG_WARN_ENUM_CONVERSION = YES;
				CLANG_WARN_INFINITE_RECURSION = YES;
				CLANG_WARN_INT_CONVERSION = YES;
				CLANG_WARN_NON_LITERAL_NULL_CONVERSION = YES;
				CLANG_WARN_OBJC_IMPLICIT_RETAIN_SELF = YES;
				CLANG_WARN_OBJC_LITERAL_CONVERSION = YES;
				CLANG_WARN_OBJC_ROOT_CLASS = YES_ERROR;
				CLANG_WARN_QUOTED_INCLUDE_IN_FRAMEWORK_HEADER = YES;
				CLANG_WARN_RANGE_LOOP_ANALYSIS = YES;
				CLANG_WARN_STRICT_PROTOTYPES = YES;
				CLANG_WARN_SUSPICIOUS_MOVE = YES;
				CLANG_WARN_UNGUARDED_AVAILABILITY = YES_AGGRESSIVE;
				CLANG_WARN_UNREACHABLE_CODE = YES;
				CLANG_WARN__DUPLICATE_METHOD_MATCH = YES;
				COPY_PHASE_STRIP = NO;
				DEBUG_INFORMATION_FORMAT = dwarf;
				ENABLE_STRICT_OBJC_MSGSEND = YES;
				ENABLE_TESTABILITY = YES;
				GCC_C_LANGUAGE_STANDARD = gnu11;
				GCC_DYNAMIC_NO_PIC = NO;
				GCC_NO_COMMON_BLOCKS = YES;
				GCC_OPTIMIZATION_LEVEL = 0;
				GCC_PREPROCESSOR_DEFINITIONS = (
					"DEBUG=1",
					"$(inherited)",
				);
				GCC_WARN_64_TO_32_BIT_CONVERSION = YES;
				GCC_WARN_ABOUT_RETURN_TYPE = YES_ERROR;
				GCC_WARN_UNDECLARED_SELECTOR = YES;
				GCC_WARN_UNINITIALIZED_AUTOS = YES_AGGRESSIVE;
				GCC_WARN_UNUSED_FUNCTION = YES;
				GCC_WARN_UNUSED_VARIABLE = YES;
				IPHONEOS_DEPLOYMENT_TARGET = 14.1;
				MTL_ENABLE_DEBUG_INFO = INCLUDE_SOURCE;
				MTL_FAST_MATH = YES;
				ONLY_ACTIVE_ARCH = YES;
				SDKROOT = iphoneos;
				SWIFT_ACTIVE_COMPILATION_CONDITIONS = DEBUG;
				SWIFT_OPTIMIZATION_LEVEL = "-Onone";
			};
			name = Debug;
		};
		FDDBD7A425C7A25500111DFB /* Release */ = {
			isa = XCBuildConfiguration;
			buildSettings = {
				ALWAYS_SEARCH_USER_PATHS = NO;
				CLANG_ANALYZER_NONNULL = YES;
				CLANG_ANALYZER_NUMBER_OBJECT_CONVERSION = YES_AGGRESSIVE;
				CLANG_CXX_LANGUAGE_STANDARD = "gnu++14";
				CLANG_CXX_LIBRARY = "libc++";
				CLANG_ENABLE_MODULES = YES;
				CLANG_ENABLE_OBJC_ARC = YES;
				CLANG_ENABLE_OBJC_WEAK = YES;
				CLANG_WARN_BLOCK_CAPTURE_AUTORELEASING = YES;
				CLANG_WARN_BOOL_CONVERSION = YES;
				CLANG_WARN_COMMA = YES;
				CLANG_WARN_CONSTANT_CONVERSION = YES;
				CLANG_WARN_DEPRECATED_OBJC_IMPLEMENTATIONS = YES;
				CLANG_WARN_DIRECT_OBJC_ISA_USAGE = YES_ERROR;
				CLANG_WARN_DOCUMENTATION_COMMENTS = YES;
				CLANG_WARN_EMPTY_BODY = YES;
				CLANG_WARN_ENUM_CONVERSION = YES;
				CLANG_WARN_INFINITE_RECURSION = YES;
				CLANG_WARN_INT_CONVERSION = YES;
				CLANG_WARN_NON_LITERAL_NULL_CONVERSION = YES;
				CLANG_WARN_OBJC_IMPLICIT_RETAIN_SELF = YES;
				CLANG_WARN_OBJC_LITERAL_CONVERSION = YES;
				CLANG_WARN_OBJC_ROOT_CLASS = YES_ERROR;
				CLANG_WARN_QUOTED_INCLUDE_IN_FRAMEWORK_HEADER = YES;
				CLANG_WARN_RANGE_LOOP_ANALYSIS = YES;
				CLANG_WARN_STRICT_PROTOTYPES = YES;
				CLANG_WARN_SUSPICIOUS_MOVE = YES;
				CLANG_WARN_UNGUARDED_AVAILABILITY = YES_AGGRESSIVE;
				CLANG_WARN_UNREACHABLE_CODE = YES;
				CLANG_WARN__DUPLICATE_METHOD_MATCH = YES;
				COPY_PHASE_STRIP = NO;
				DEBUG_INFORMATION_FORMAT = "dwarf-with-dsym";
				ENABLE_NS_ASSERTIONS = NO;
				ENABLE_STRICT_OBJC_MSGSEND = YES;
				GCC_C_LANGUAGE_STANDARD = gnu11;
				GCC_NO_COMMON_BLOCKS = YES;
				GCC_WARN_64_TO_32_BIT_CONVERSION = YES;
				GCC_WARN_ABOUT_RETURN_TYPE = YES_ERROR;
				GCC_WARN_UNDECLARED_SELECTOR = YES;
				GCC_WARN_UNINITIALIZED_AUTOS = YES_AGGRESSIVE;
				GCC_WARN_UNUSED_FUNCTION = YES;
				GCC_WARN_UNUSED_VARIABLE = YES;
				IPHONEOS_DEPLOYMENT_TARGET = 14.1;
				MTL_ENABLE_DEBUG_INFO = NO;
				MTL_FAST_MATH = YES;
				SDKROOT = iphoneos;
				SWIFT_COMPILATION_MODE = wholemodule;
				SWIFT_OPTIMIZATION_LEVEL = "-O";
				VALIDATE_PRODUCT = YES;
			};
			name = Release;
		};
		FDDBD7A625C7A25500111DFB /* Debug */ = {
			isa = XCBuildConfiguration;
			baseConfigurationReference = F05B4E54822432FC3A7F6BCA /* Pods-accessDenied.debug.xcconfig */;
			buildSettings = {
				ASSETCATALOG_COMPILER_APPICON_NAME = AppIcon;
				ASSETCATALOG_COMPILER_GLOBAL_ACCENT_COLOR_NAME = AccentColor;
				CODE_SIGN_STYLE = Automatic;
				DEVELOPMENT_TEAM = 526BVV54R4;
				INFOPLIST_FILE = accessDenied/Info.plist;
				IPHONEOS_DEPLOYMENT_TARGET = 13.0;
				LD_RUNPATH_SEARCH_PATHS = (
					"$(inherited)",
					"@executable_path/Frameworks",
				);
				PRODUCT_BUNDLE_IDENTIFIER = lkc.accessDenied;
				PRODUCT_NAME = "$(TARGET_NAME)";
				SWIFT_VERSION = 5.0;
				TARGETED_DEVICE_FAMILY = "1,2";
			};
			name = Debug;
		};
		FDDBD7A725C7A25500111DFB /* Release */ = {
			isa = XCBuildConfiguration;
			baseConfigurationReference = E57FB910828E649B4E892AD9 /* Pods-accessDenied.release.xcconfig */;
			buildSettings = {
				ASSETCATALOG_COMPILER_APPICON_NAME = AppIcon;
				ASSETCATALOG_COMPILER_GLOBAL_ACCENT_COLOR_NAME = AccentColor;
				CODE_SIGN_STYLE = Automatic;
				DEVELOPMENT_TEAM = 526BVV54R4;
				INFOPLIST_FILE = accessDenied/Info.plist;
				IPHONEOS_DEPLOYMENT_TARGET = 13.0;
				LD_RUNPATH_SEARCH_PATHS = (
					"$(inherited)",
					"@executable_path/Frameworks",
				);
				PRODUCT_BUNDLE_IDENTIFIER = lkc.accessDenied;
				PRODUCT_NAME = "$(TARGET_NAME)";
				SWIFT_VERSION = 5.0;
				TARGETED_DEVICE_FAMILY = "1,2";
			};
			name = Release;
		};
		FDDBD7A925C7A25500111DFB /* Debug */ = {
			isa = XCBuildConfiguration;
			baseConfigurationReference = 74AD6DC9E401357895EAA865 /* Pods-accessDeniedTests.debug.xcconfig */;
			buildSettings = {
				ALWAYS_EMBED_SWIFT_STANDARD_LIBRARIES = YES;
				BUNDLE_LOADER = "$(TEST_HOST)";
				CODE_SIGN_STYLE = Automatic;
				DEVELOPMENT_TEAM = 526BVV54R4;
				INFOPLIST_FILE = accessDeniedTests/Info.plist;
				IPHONEOS_DEPLOYMENT_TARGET = 14.1;
				LD_RUNPATH_SEARCH_PATHS = (
					"$(inherited)",
					"@executable_path/Frameworks",
					"@loader_path/Frameworks",
				);
				PRODUCT_BUNDLE_IDENTIFIER = lkc.accessDeniedTests;
				PRODUCT_NAME = "$(TARGET_NAME)";
				SWIFT_VERSION = 5.0;
				TARGETED_DEVICE_FAMILY = "1,2";
				TEST_HOST = "$(BUILT_PRODUCTS_DIR)/accessDenied.app/accessDenied";
			};
			name = Debug;
		};
		FDDBD7AA25C7A25500111DFB /* Release */ = {
			isa = XCBuildConfiguration;
			baseConfigurationReference = F8E0F5E92EEDB799AF434724 /* Pods-accessDeniedTests.release.xcconfig */;
			buildSettings = {
				ALWAYS_EMBED_SWIFT_STANDARD_LIBRARIES = YES;
				BUNDLE_LOADER = "$(TEST_HOST)";
				CODE_SIGN_STYLE = Automatic;
				DEVELOPMENT_TEAM = 526BVV54R4;
				INFOPLIST_FILE = accessDeniedTests/Info.plist;
				IPHONEOS_DEPLOYMENT_TARGET = 14.1;
				LD_RUNPATH_SEARCH_PATHS = (
					"$(inherited)",
					"@executable_path/Frameworks",
					"@loader_path/Frameworks",
				);
				PRODUCT_BUNDLE_IDENTIFIER = lkc.accessDeniedTests;
				PRODUCT_NAME = "$(TARGET_NAME)";
				SWIFT_VERSION = 5.0;
				TARGETED_DEVICE_FAMILY = "1,2";
				TEST_HOST = "$(BUILT_PRODUCTS_DIR)/accessDenied.app/accessDenied";
			};
			name = Release;
		};
		FDDBD7AC25C7A25500111DFB /* Debug */ = {
			isa = XCBuildConfiguration;
			baseConfigurationReference = AB30F7178C4861D6D20A2226 /* Pods-accessDenied-accessDeniedUITests.debug.xcconfig */;
			buildSettings = {
				ALWAYS_EMBED_SWIFT_STANDARD_LIBRARIES = YES;
				CODE_SIGN_STYLE = Automatic;
				DEVELOPMENT_TEAM = 526BVV54R4;
				INFOPLIST_FILE = accessDeniedUITests/Info.plist;
				LD_RUNPATH_SEARCH_PATHS = (
					"$(inherited)",
					"@executable_path/Frameworks",
					"@loader_path/Frameworks",
				);
				PRODUCT_BUNDLE_IDENTIFIER = lkc.accessDeniedUITests;
				PRODUCT_NAME = "$(TARGET_NAME)";
				SWIFT_VERSION = 5.0;
				TARGETED_DEVICE_FAMILY = "1,2";
				TEST_TARGET_NAME = accessDenied;
			};
			name = Debug;
		};
		FDDBD7AD25C7A25500111DFB /* Release */ = {
			isa = XCBuildConfiguration;
			baseConfigurationReference = 9AF3A32DCF65A170A13AC0AB /* Pods-accessDenied-accessDeniedUITests.release.xcconfig */;
			buildSettings = {
				ALWAYS_EMBED_SWIFT_STANDARD_LIBRARIES = YES;
				CODE_SIGN_STYLE = Automatic;
				DEVELOPMENT_TEAM = 526BVV54R4;
				INFOPLIST_FILE = accessDeniedUITests/Info.plist;
				LD_RUNPATH_SEARCH_PATHS = (
					"$(inherited)",
					"@executable_path/Frameworks",
					"@loader_path/Frameworks",
				);
				PRODUCT_BUNDLE_IDENTIFIER = lkc.accessDeniedUITests;
				PRODUCT_NAME = "$(TARGET_NAME)";
				SWIFT_VERSION = 5.0;
				TARGETED_DEVICE_FAMILY = "1,2";
				TEST_TARGET_NAME = accessDenied;
			};
			name = Release;
		};
/* End XCBuildConfiguration section */

/* Begin XCConfigurationList section */
		FDDBD77625C7A25000111DFB /* Build configuration list for PBXProject "accessDenied" */ = {
			isa = XCConfigurationList;
			buildConfigurations = (
				FDDBD7A325C7A25500111DFB /* Debug */,
				FDDBD7A425C7A25500111DFB /* Release */,
			);
			defaultConfigurationIsVisible = 0;
			defaultConfigurationName = Release;
		};
		FDDBD7A525C7A25500111DFB /* Build configuration list for PBXNativeTarget "accessDenied" */ = {
			isa = XCConfigurationList;
			buildConfigurations = (
				FDDBD7A625C7A25500111DFB /* Debug */,
				FDDBD7A725C7A25500111DFB /* Release */,
			);
			defaultConfigurationIsVisible = 0;
			defaultConfigurationName = Release;
		};
		FDDBD7A825C7A25500111DFB /* Build configuration list for PBXNativeTarget "accessDeniedTests" */ = {
			isa = XCConfigurationList;
			buildConfigurations = (
				FDDBD7A925C7A25500111DFB /* Debug */,
				FDDBD7AA25C7A25500111DFB /* Release */,
			);
			defaultConfigurationIsVisible = 0;
			defaultConfigurationName = Release;
		};
		FDDBD7AB25C7A25500111DFB /* Build configuration list for PBXNativeTarget "accessDeniedUITests" */ = {
			isa = XCConfigurationList;
			buildConfigurations = (
				FDDBD7AC25C7A25500111DFB /* Debug */,
				FDDBD7AD25C7A25500111DFB /* Release */,
			);
			defaultConfigurationIsVisible = 0;
			defaultConfigurationName = Release;
		};
/* End XCConfigurationList section */
	};
	rootObject = FDDBD77325C7A25000111DFB /* Project object */;
}
